{
  "name": "runtime",
  "lockfileVersion": 3,
  "requires": true,
  "packages": {
    "": {
      "dependencies": {
        "@adobe/aem-headless-client-js": "^3.1.1",
        "@adobe/openwhisk-action-utils": "^4.4.7",
        "cookie": "^0.4.2",
        "next": "^14.0.0",
        "react": "^18.2.0",
        "react-dom": "^18.0.2",
        "styled-jsx": "^5.0.1",
        "swr": "^1.2.2"
      }
    },
    "node_modules/@adobe/aem-headless-client-js": {
      "version": "3.3.3",
      "resolved": "https://registry.npmjs.org/@adobe/aem-headless-client-js/-/aem-headless-client-js-3.3.3.tgz",
      "integrity": "sha512-1G3nfdjUgDI4bHShl1KNo/gxZQr8x23kc+gDdK9hfDmuaQjL0EJ893UsDKtIeCry3dX1m72sdWov9QZbKp+aew==",
      "dependencies": {
        "@adobe/aio-lib-core-errors": "^3.1.1"
      },
      "engines": {
        "node": ">=14.0.0"
      }
    },
    "node_modules/@adobe/aio-lib-core-errors": {
      "version": "3.1.1",
      "resolved": "https://registry.npmjs.org/@adobe/aio-lib-core-errors/-/aio-lib-core-errors-3.1.1.tgz",
      "integrity": "sha512-xH0BVALN5DxtsLt1PI1Y9IMEd+APpD+VV7GyFoMmWBdS1daNA1Ciy+ASTB6nykQ1bfzllpDY97Q6+OClI8Y0LA=="
    },
    "node_modules/@adobe/helix-log": {
      "version": "6.0.0",
      "resolved": "https://registry.npmjs.org/@adobe/helix-log/-/helix-log-6.0.0.tgz",
      "integrity": "sha512-+9gpf49sFDmZLV3gtjY+RmEUistqYJdVWpiqlRYpxE59x5bHFzYf93dZ7fljSTBtZdVq8lm97HxrTUloh5HvRg==",
      "dependencies": {
        "big.js": "^6.1.1",
        "colorette": "^2.0.2",
        "ferrum": "^1.9.3",
        "phin": "^3.6.0",
        "polka": "^0.5.2"
      }
    },
    "node_modules/@adobe/openwhisk-action-utils": {
      "version": "4.4.8",
      "resolved": "https://registry.npmjs.org/@adobe/openwhisk-action-utils/-/openwhisk-action-utils-4.4.8.tgz",
      "integrity": "sha512-cOF902yjXJy9QCTKUvxzb4RaP2YIlBYUa6s89WPphX7oDoAvgCy1HTbT2fc4REDrB7LkeS6R0UAdQHLKnRU2Nw==",
      "deprecated": "This package is no longer maintained.",
      "dependencies": {
        "@adobe/helix-log": "6.0.0",
        "bunyan": "1.8.15",
        "serverless-http": "3.0.1"
      },
      "engines": {
        "node": ">= 8.3.0"
      }
    },
    "node_modules/@arr/every": {
      "version": "1.0.1",
      "resolved": "https://registry.npmjs.org/@arr/every/-/every-1.0.1.tgz",
      "integrity": "sha512-UQFQ6SgyJ6LX42W8rHCs8KVc0JS0tzVL9ct4XYedJukskYVWTo49tNiMEK9C2HTyarbNiT/RVIRSY82vH+6sTg==",
      "engines": {
        "node": ">=4"
      }
    },
    "node_modules/@next/env": {
      "version": "14.1.0",
      "resolved": "https://registry.npmjs.org/@next/env/-/env-14.1.0.tgz",
      "integrity": "sha512-Py8zIo+02ht82brwwhTg36iogzFqGLPXlRGKQw5s+qP/kMNc4MAyDeEwBKDijk6zTIbegEgu8Qy7C1LboslQAw=="
    },
    "node_modules/@next/swc-darwin-arm64": {
      "version": "14.1.0",
      "resolved": "https://registry.npmjs.org/@next/swc-darwin-arm64/-/swc-darwin-arm64-14.1.0.tgz",
      "integrity": "sha512-nUDn7TOGcIeyQni6lZHfzNoo9S0euXnu0jhsbMOmMJUBfgsnESdjN97kM7cBqQxZa8L/bM9om/S5/1dzCrW6wQ==",
      "cpu": [
        "arm64"
      ],
      "optional": true,
      "os": [
        "darwin"
      ],
      "engines": {
        "node": ">= 10"
      }
    },
    "node_modules/@next/swc-darwin-x64": {
      "version": "14.1.0",
      "resolved": "https://registry.npmjs.org/@next/swc-darwin-x64/-/swc-darwin-x64-14.1.0.tgz",
      "integrity": "sha512-1jgudN5haWxiAl3O1ljUS2GfupPmcftu2RYJqZiMJmmbBT5M1XDffjUtRUzP4W3cBHsrvkfOFdQ71hAreNQP6g==",
      "cpu": [
        "x64"
      ],
      "optional": true,
      "os": [
        "darwin"
      ],
      "engines": {
        "node": ">= 10"
      }
    },
    "node_modules/@next/swc-linux-arm64-gnu": {
      "version": "14.1.0",
      "resolved": "https://registry.npmjs.org/@next/swc-linux-arm64-gnu/-/swc-linux-arm64-gnu-14.1.0.tgz",
      "integrity": "sha512-RHo7Tcj+jllXUbK7xk2NyIDod3YcCPDZxj1WLIYxd709BQ7WuRYl3OWUNG+WUfqeQBds6kvZYlc42NJJTNi4tQ==",
      "cpu": [
        "arm64"
      ],
      "optional": true,
      "os": [
        "linux"
      ],
      "engines": {
        "node": ">= 10"
      }
    },
    "node_modules/@next/swc-linux-arm64-musl": {
      "version": "14.1.0",
      "resolved": "https://registry.npmjs.org/@next/swc-linux-arm64-musl/-/swc-linux-arm64-musl-14.1.0.tgz",
      "integrity": "sha512-v6kP8sHYxjO8RwHmWMJSq7VZP2nYCkRVQ0qolh2l6xroe9QjbgV8siTbduED4u0hlk0+tjS6/Tuy4n5XCp+l6g==",
      "cpu": [
        "arm64"
      ],
      "optional": true,
      "os": [
        "linux"
      ],
      "engines": {
        "node": ">= 10"
      }
    },
    "node_modules/@next/swc-linux-x64-gnu": {
      "version": "14.1.0",
      "resolved": "https://registry.npmjs.org/@next/swc-linux-x64-gnu/-/swc-linux-x64-gnu-14.1.0.tgz",
      "integrity": "sha512-zJ2pnoFYB1F4vmEVlb/eSe+VH679zT1VdXlZKX+pE66grOgjmKJHKacf82g/sWE4MQ4Rk2FMBCRnX+l6/TVYzQ==",
      "cpu": [
        "x64"
      ],
      "optional": true,
      "os": [
        "linux"
      ],
      "engines": {
        "node": ">= 10"
      }
    },
    "node_modules/@next/swc-linux-x64-musl": {
      "version": "14.1.0",
      "resolved": "https://registry.npmjs.org/@next/swc-linux-x64-musl/-/swc-linux-x64-musl-14.1.0.tgz",
      "integrity": "sha512-rbaIYFt2X9YZBSbH/CwGAjbBG2/MrACCVu2X0+kSykHzHnYH5FjHxwXLkcoJ10cX0aWCEynpu+rP76x0914atg==",
      "cpu": [
        "x64"
      ],
      "optional": true,
      "os": [
        "linux"
      ],
      "engines": {
        "node": ">= 10"
      }
    },
    "node_modules/@next/swc-win32-arm64-msvc": {
      "version": "14.1.0",
      "resolved": "https://registry.npmjs.org/@next/swc-win32-arm64-msvc/-/swc-win32-arm64-msvc-14.1.0.tgz",
      "integrity": "sha512-o1N5TsYc8f/HpGt39OUQpQ9AKIGApd3QLueu7hXk//2xq5Z9OxmV6sQfNp8C7qYmiOlHYODOGqNNa0e9jvchGQ==",
      "cpu": [
        "arm64"
      ],
      "optional": true,
      "os": [
        "win32"
      ],
      "engines": {
        "node": ">= 10"
      }
    },
    "node_modules/@next/swc-win32-ia32-msvc": {
      "version": "14.1.0",
      "resolved": "https://registry.npmjs.org/@next/swc-win32-ia32-msvc/-/swc-win32-ia32-msvc-14.1.0.tgz",
      "integrity": "sha512-XXIuB1DBRCFwNO6EEzCTMHT5pauwaSj4SWs7CYnME57eaReAKBXCnkUE80p/pAZcewm7hs+vGvNqDPacEXHVkw==",
      "cpu": [
        "ia32"
      ],
      "optional": true,
      "os": [
        "win32"
      ],
      "engines": {
        "node": ">= 10"
      }
    },
    "node_modules/@next/swc-win32-x64-msvc": {
      "version": "14.1.0",
      "resolved": "https://registry.npmjs.org/@next/swc-win32-x64-msvc/-/swc-win32-x64-msvc-14.1.0.tgz",
      "integrity": "sha512-9WEbVRRAqJ3YFVqEZIxUqkiO8l1nool1LmNxygr5HWF8AcSYsEpneUDhmjUVJEzO2A04+oPtZdombzzPPkTtgg==",
      "cpu": [
        "x64"
      ],
      "optional": true,
      "os": [
        "win32"
      ],
      "engines": {
        "node": ">= 10"
      }
    },
    "node_modules/@polka/url": {
      "version": "0.5.0",
      "resolved": "https://registry.npmjs.org/@polka/url/-/url-0.5.0.tgz",
      "integrity": "sha512-oZLYFEAzUKyi3SKnXvj32ZCEGH6RDnao7COuCVhDydMS9NrCSVXhM79VaKyP5+Zc33m0QXEd2DN3UkU7OsHcfw=="
    },
    "node_modules/@swc/helpers": {
      "version": "0.5.2",
      "resolved": "https://registry.npmjs.org/@swc/helpers/-/helpers-0.5.2.tgz",
      "integrity": "sha512-E4KcWTpoLHqwPHLxidpOqQbcrZVgi0rsmmZXUle1jXmJfuIf/UWpczUJ7MZZ5tlxytgJXyp0w4PGkkeLiuIdZw==",
      "dependencies": {
        "tslib": "^2.4.0"
      }
    },
    "node_modules/balanced-match": {
      "version": "1.0.2",
      "resolved": "https://registry.npmjs.org/balanced-match/-/balanced-match-1.0.2.tgz",
      "integrity": "sha512-3oSeUO0TMV67hN1AmbXsK4yaqU7tjiHlbxRDZOpH0KW9+CeX4bRAaX0Anxt0tx2MrpRpWwQaPwIlISEJhYU5Pw==",
      "optional": true
    },
    "node_modules/big.js": {
      "version": "6.2.1",
      "resolved": "https://registry.npmjs.org/big.js/-/big.js-6.2.1.tgz",
      "integrity": "sha512-bCtHMwL9LeDIozFn+oNhhFoq+yQ3BNdnsLSASUxLciOb1vgvpHsIO1dsENiGMgbb4SkP5TrzWzRiLddn8ahVOQ==",
      "engines": {
        "node": "*"
      },
      "funding": {
        "type": "opencollective",
        "url": "https://opencollective.com/bigjs"
      }
    },
    "node_modules/brace-expansion": {
      "version": "1.1.11",
      "resolved": "https://registry.npmjs.org/brace-expansion/-/brace-expansion-1.1.11.tgz",
      "integrity": "sha512-iCuPHDFgrHX7H2vEI/5xpz07zSHB00TpugqhmYtVmMO6518mCuRMoOYFldEBl0g187ufozdaHgWKcYFb61qGiA==",
      "optional": true,
      "dependencies": {
        "balanced-match": "^1.0.0",
        "concat-map": "0.0.1"
      }
    },
    "node_modules/bunyan": {
      "version": "1.8.15",
      "resolved": "https://registry.npmjs.org/bunyan/-/bunyan-1.8.15.tgz",
      "integrity": "sha512-0tECWShh6wUysgucJcBAoYegf3JJoZWibxdqhTm7OHPeT42qdjkZ29QCMcKwbgU1kiH+auSIasNRXMLWXafXig==",
      "engines": [
        "node >=0.10.0"
      ],
      "bin": {
        "bunyan": "bin/bunyan"
      },
      "optionalDependencies": {
        "dtrace-provider": "~0.8",
        "moment": "^2.19.3",
        "mv": "~2",
        "safe-json-stringify": "~1"
      }
    },
    "node_modules/busboy": {
      "version": "1.6.0",
      "resolved": "https://registry.npmjs.org/busboy/-/busboy-1.6.0.tgz",
      "integrity": "sha512-8SFQbg/0hQ9xy3UNTB0YEnsNBbWfhf7RtnzpL7TkBiTBRfrQ9Fxcnz7VJsleJpyp6rVLvXiuORqjlHi5q+PYuA==",
      "dependencies": {
        "streamsearch": "^1.1.0"
      },
      "engines": {
        "node": ">=10.16.0"
      }
    },
    "node_modules/caniuse-lite": {
      "version": "1.0.30001591",
      "resolved": "https://registry.npmjs.org/caniuse-lite/-/caniuse-lite-1.0.30001591.tgz",
      "integrity": "sha512-PCzRMei/vXjJyL5mJtzNiUCKP59dm8Apqc3PH8gJkMnMXZGox93RbE76jHsmLwmIo6/3nsYIpJtx0O7u5PqFuQ==",
      "funding": [
        {
          "type": "opencollective",
          "url": "https://opencollective.com/browserslist"
        },
        {
          "type": "tidelift",
          "url": "https://tidelift.com/funding/github/npm/caniuse-lite"
        },
        {
          "type": "github",
          "url": "https://github.com/sponsors/ai"
        }
      ]
    },
    "node_modules/centra": {
      "version": "2.6.0",
      "resolved": "https://registry.npmjs.org/centra/-/centra-2.6.0.tgz",
      "integrity": "sha512-dgh+YleemrT8u85QL11Z6tYhegAs3MMxsaWAq/oXeAmYJ7VxL3SI9TZtnfaEvNDMAPolj25FXIb3S+HCI4wQaQ==",
      "deprecated": "Package no longer supported. Contact Support at https://www.npmjs.com/support for more info."
    },
    "node_modules/client-only": {
      "version": "0.0.1",
      "resolved": "https://registry.npmjs.org/client-only/-/client-only-0.0.1.tgz",
      "integrity": "sha512-IV3Ou0jSMzZrd3pZ48nLkT9DA7Ag1pnPzaiQhpW7c3RbcqqzvzzVu+L8gfqMp/8IM2MQtSiqaCxrrcfu8I8rMA=="
    },
    "node_modules/colorette": {
      "version": "2.0.20",
      "resolved": "https://registry.npmjs.org/colorette/-/colorette-2.0.20.tgz",
      "integrity": "sha512-IfEDxwoWIjkeXL1eXcDiow4UbKjhLdq6/EuSVR9GMN7KVH3r9gQ83e73hsz1Nd1T3ijd5xv1wcWRYO+D6kCI2w=="
    },
    "node_modules/concat-map": {
      "version": "0.0.1",
      "resolved": "https://registry.npmjs.org/concat-map/-/concat-map-0.0.1.tgz",
      "integrity": "sha512-/Srv4dswyQNBfohGpz9o6Yb3Gz3SrUDqBH5rTuhGR7ahtlbYKnVxw2bCFMRljaA7EXHaXZ8wsHdodFvbkhKmqg==",
      "optional": true
    },
    "node_modules/cookie": {
      "version": "0.4.2",
      "resolved": "https://registry.npmjs.org/cookie/-/cookie-0.4.2.tgz",
      "integrity": "sha512-aSWTXFzaKWkvHO1Ny/s+ePFpvKsPnjc551iI41v3ny/ow6tBG5Vd+FuqGNhh1LxOmVzOlGUriIlOaokOvhaStA==",
      "engines": {
        "node": ">= 0.6"
      }
    },
    "node_modules/cuint": {
      "version": "0.2.2",
      "resolved": "https://registry.npmjs.org/cuint/-/cuint-0.2.2.tgz",
      "integrity": "sha512-d4ZVpCW31eWwCMe1YT3ur7mUDnTXbgwyzaL320DrcRT45rfjYxkt5QWLrmOJ+/UEAI2+fQgKe/fCjR8l4TpRgw=="
    },
    "node_modules/dtrace-provider": {
      "version": "0.8.8",
      "resolved": "https://registry.npmjs.org/dtrace-provider/-/dtrace-provider-0.8.8.tgz",
      "integrity": "sha512-b7Z7cNtHPhH9EJhNNbbeqTcXB8LGFFZhq1PGgEvpeHlzd36bhbdTWoE/Ba/YguqpBSlAPKnARWhVlhunCMwfxg==",
      "hasInstallScript": true,
      "optional": true,
      "dependencies": {
        "nan": "^2.14.0"
      },
      "engines": {
        "node": ">=0.10"
      }
    },
    "node_modules/fastestsmallesttextencoderdecoder": {
      "version": "1.0.22",
      "resolved": "https://registry.npmjs.org/fastestsmallesttextencoderdecoder/-/fastestsmallesttextencoderdecoder-1.0.22.tgz",
      "integrity": "sha512-Pb8d48e+oIuY4MaM64Cd7OW1gt4nxCHs7/ddPPZ/Ic3sg8yVGM7O9wDvZ7us6ScaUupzM+pfBolwtYhN1IxBIw=="
    },
    "node_modules/ferrum": {
      "version": "1.9.4",
      "resolved": "https://registry.npmjs.org/ferrum/-/ferrum-1.9.4.tgz",
      "integrity": "sha512-ooNerLoIht/dK4CQJux93z/hnt9JysrXniJCI3r6YRgmHeXC57EJ8XaTCT1Gm8LfhIAeWxyJA0O7d/W3pqDYRg==",
      "dependencies": {
        "fastestsmallesttextencoderdecoder": "1.0.22",
        "lodash.isplainobject": "4.0.6",
        "xxhashjs": "0.2.2"
      }
    },
    "node_modules/glob": {
      "version": "6.0.4",
      "resolved": "https://registry.npmjs.org/glob/-/glob-6.0.4.tgz",
      "integrity": "sha512-MKZeRNyYZAVVVG1oZeLaWie1uweH40m9AZwIwxyPbTSX4hHrVYSzLg0Ro5Z5R7XKkIX+Cc6oD1rqeDJnwsB8/A==",
      "optional": true,
      "dependencies": {
        "inflight": "^1.0.4",
        "inherits": "2",
        "minimatch": "2 || 3",
        "once": "^1.3.0",
        "path-is-absolute": "^1.0.0"
      },
      "engines": {
        "node": "*"
      }
    },
    "node_modules/graceful-fs": {
      "version": "4.2.11",
      "resolved": "https://registry.npmjs.org/graceful-fs/-/graceful-fs-4.2.11.tgz",
      "integrity": "sha512-RbJ5/jmFcNNCcDV5o9eTnBLJ/HszWV0P73bc+Ff4nS/rJj+YaS6IGyiOL0VoBYX+l1Wrl3k63h/KrH+nhJ0XvQ=="
    },
    "node_modules/inflight": {
      "version": "1.0.6",
      "resolved": "https://registry.npmjs.org/inflight/-/inflight-1.0.6.tgz",
      "integrity": "sha512-k92I/b08q4wvFscXCLvqfsHCrjrF7yiXsQuIVvVE7N82W3+aqpzuUdBbfhWcy/FZR3/4IgflMgKLOsvPDrGCJA==",
      "optional": true,
      "dependencies": {
        "once": "^1.3.0",
        "wrappy": "1"
      }
    },
    "node_modules/inherits": {
      "version": "2.0.4",
      "resolved": "https://registry.npmjs.org/inherits/-/inherits-2.0.4.tgz",
      "integrity": "sha512-k/vGaX4/Yla3WzyMCvTQOXYeIHvqOKtnqBduzTHpzpQZzAskKMhZ2K+EnBiSM9zGSoIFeMpXKxa4dYeZIQqewQ==",
      "optional": true
    },
    "node_modules/js-tokens": {
      "version": "4.0.0",
      "resolved": "https://registry.npmjs.org/js-tokens/-/js-tokens-4.0.0.tgz",
      "integrity": "sha512-RdJUflcE3cUzKiMqQgsCu06FPu9UdIJO0beYbPhHN4k6apgJtifcoCtT9bcxOpYBtpD2kCM6Sbzg4CausW/PKQ=="
    },
    "node_modules/lodash.isplainobject": {
      "version": "4.0.6",
      "resolved": "https://registry.npmjs.org/lodash.isplainobject/-/lodash.isplainobject-4.0.6.tgz",
      "integrity": "sha512-oSXzaWypCMHkPC3NvBEaPHf0KsA5mvPrOPgQWDsbg8n7orZ290M0BmC/jgRZ4vcJ6DTAhjrsSYgdsW/F+MFOBA=="
    },
    "node_modules/loose-envify": {
      "version": "1.4.0",
      "resolved": "https://registry.npmjs.org/loose-envify/-/loose-envify-1.4.0.tgz",
      "integrity": "sha512-lyuxPGr/Wfhrlem2CL/UcnUc1zcqKAImBDzukY7Y5F/yQiNdko6+fRLevlw1HgMySw7f611UIY408EtxRSoK3Q==",
      "dependencies": {
        "js-tokens": "^3.0.0 || ^4.0.0"
      },
      "bin": {
        "loose-envify": "cli.js"
      }
    },
    "node_modules/matchit": {
      "version": "1.1.0",
      "resolved": "https://registry.npmjs.org/matchit/-/matchit-1.1.0.tgz",
      "integrity": "sha512-+nGYoOlfHmxe5BW5tE0EMJppXEwdSf8uBA1GTZC7Q77kbT35+VKLYJMzVNWCHSsga1ps1tPYFtFyvxvKzWVmMA==",
      "dependencies": {
        "@arr/every": "^1.0.0"
      },
      "engines": {
        "node": ">=6"
      }
    },
    "node_modules/minimatch": {
      "version": "3.1.2",
      "resolved": "https://registry.npmjs.org/minimatch/-/minimatch-3.1.2.tgz",
      "integrity": "sha512-J7p63hRiAjw1NDEww1W7i37+ByIrOWO5XQQAzZ3VOcL0PNybwpfmV/N05zFAzwQ9USyEcX6t3UO+K5aqBQOIHw==",
      "optional": true,
      "dependencies": {
        "brace-expansion": "^1.1.7"
      },
      "engines": {
        "node": "*"
      }
    },
    "node_modules/minimist": {
      "version": "1.2.8",
      "resolved": "https://registry.npmjs.org/minimist/-/minimist-1.2.8.tgz",
      "integrity": "sha512-2yyAR8qBkN3YuheJanUpWC5U3bb5osDywNB8RzDVlDwDHbocAJveqqj1u8+SVD7jkWT4yvsHCpWqqWqAxb0zCA==",
      "optional": true,
      "funding": {
        "url": "https://github.com/sponsors/ljharb"
      }
    },
    "node_modules/mkdirp": {
      "version": "0.5.6",
      "resolved": "https://registry.npmjs.org/mkdirp/-/mkdirp-0.5.6.tgz",
      "integrity": "sha512-FP+p8RB8OWpF3YZBCrP5gtADmtXApB5AMLn+vdyA+PyxCjrCs00mjyUozssO33cwDeT3wNGdLxJ5M//YqtHAJw==",
      "optional": true,
      "dependencies": {
        "minimist": "^1.2.6"
      },
      "bin": {
        "mkdirp": "bin/cmd.js"
      }
    },
    "node_modules/moment": {
      "version": "2.30.1",
      "resolved": "https://registry.npmjs.org/moment/-/moment-2.30.1.tgz",
      "integrity": "sha512-uEmtNhbDOrWPFS+hdjFCBfy9f2YoyzRpwcl+DqpC6taX21FzsTLQVbMV/W7PzNSX6x/bhC1zA3c2UQ5NzH6how==",
      "optional": true,
      "engines": {
        "node": "*"
      }
    },
    "node_modules/mv": {
      "version": "2.1.1",
      "resolved": "https://registry.npmjs.org/mv/-/mv-2.1.1.tgz",
      "integrity": "sha512-at/ZndSy3xEGJ8i0ygALh8ru9qy7gWW1cmkaqBN29JmMlIvM//MEO9y1sk/avxuwnPcfhkejkLsuPxH81BrkSg==",
      "optional": true,
      "dependencies": {
        "mkdirp": "~0.5.1",
        "ncp": "~2.0.0",
        "rimraf": "~2.4.0"
      },
      "engines": {
        "node": ">=0.8.0"
      }
    },
    "node_modules/nan": {
      "version": "2.18.0",
      "resolved": "https://registry.npmjs.org/nan/-/nan-2.18.0.tgz",
      "integrity": "sha512-W7tfG7vMOGtD30sHoZSSc/JVYiyDPEyQVso/Zz+/uQd0B0L46gtC+pHha5FFMRpil6fm/AoEcRWyOVi4+E/f8w==",
      "optional": true
    },
    "node_modules/nanoid": {
      "version": "3.3.7",
      "resolved": "https://registry.npmjs.org/nanoid/-/nanoid-3.3.7.tgz",
      "integrity": "sha512-eSRppjcPIatRIMC1U6UngP8XFcz8MQWGQdt1MTBQ7NaAmvXDfvNxbvWV3x2y6CdEUciCSsDHDQZbhYaB8QEo2g==",
      "funding": [
        {
          "type": "github",
          "url": "https://github.com/sponsors/ai"
        }
      ],
      "bin": {
        "nanoid": "bin/nanoid.cjs"
      },
      "engines": {
        "node": "^10 || ^12 || ^13.7 || ^14 || >=15.0.1"
      }
    },
    "node_modules/ncp": {
      "version": "2.0.0",
      "resolved": "https://registry.npmjs.org/ncp/-/ncp-2.0.0.tgz",
      "integrity": "sha512-zIdGUrPRFTUELUvr3Gmc7KZ2Sw/h1PiVM0Af/oHB6zgnV1ikqSfRk+TOufi79aHYCW3NiOXmr1BP5nWbzojLaA==",
      "optional": true,
      "bin": {
        "ncp": "bin/ncp"
      }
    },
    "node_modules/next": {
      "version": "14.1.0",
      "resolved": "https://registry.npmjs.org/next/-/next-14.1.0.tgz",
      "integrity": "sha512-wlzrsbfeSU48YQBjZhDzOwhWhGsy+uQycR8bHAOt1LY1bn3zZEcDyHQOEoN3aWzQ8LHCAJ1nqrWCc9XF2+O45Q==",
      "dependencies": {
        "@next/env": "14.1.0",
        "@swc/helpers": "0.5.2",
        "busboy": "1.6.0",
        "caniuse-lite": "^1.0.30001579",
        "graceful-fs": "^4.2.11",
        "postcss": "8.4.31",
        "styled-jsx": "5.1.1"
      },
      "bin": {
        "next": "dist/bin/next"
      },
      "engines": {
        "node": ">=18.17.0"
      },
      "optionalDependencies": {
        "@next/swc-darwin-arm64": "14.1.0",
        "@next/swc-darwin-x64": "14.1.0",
        "@next/swc-linux-arm64-gnu": "14.1.0",
        "@next/swc-linux-arm64-musl": "14.1.0",
        "@next/swc-linux-x64-gnu": "14.1.0",
        "@next/swc-linux-x64-musl": "14.1.0",
        "@next/swc-win32-arm64-msvc": "14.1.0",
        "@next/swc-win32-ia32-msvc": "14.1.0",
        "@next/swc-win32-x64-msvc": "14.1.0"
      },
      "peerDependencies": {
        "@opentelemetry/api": "^1.1.0",
        "react": "^18.2.0",
        "react-dom": "^18.2.0",
        "sass": "^1.3.0"
      },
      "peerDependenciesMeta": {
        "@opentelemetry/api": {
          "optional": true
        },
        "sass": {
          "optional": true
        }
      }
    },
    "node_modules/next/node_modules/styled-jsx": {
      "version": "5.1.1",
      "resolved": "https://registry.npmjs.org/styled-jsx/-/styled-jsx-5.1.1.tgz",
      "integrity": "sha512-pW7uC1l4mBZ8ugbiZrcIsiIvVx1UmTfw7UkC3Um2tmfUq9Bhk8IiyEIPl6F8agHgjzku6j0xQEZbfA5uSgSaCw==",
      "dependencies": {
        "client-only": "0.0.1"
      },
      "engines": {
        "node": ">= 12.0.0"
      },
      "peerDependencies": {
        "react": ">= 16.8.0 || 17.x.x || ^18.0.0-0"
      },
      "peerDependenciesMeta": {
        "@babel/core": {
          "optional": true
        },
        "babel-plugin-macros": {
          "optional": true
        }
      }
    },
    "node_modules/once": {
      "version": "1.4.0",
      "resolved": "https://registry.npmjs.org/once/-/once-1.4.0.tgz",
      "integrity": "sha512-lNaJgI+2Q5URQBkccEKHTQOPaXdUxnZZElQTZY0MFUAuaEqe1E+Nyvgdz/aIyNi6Z9MzO5dv1H8n58/GELp3+w==",
      "optional": true,
      "dependencies": {
        "wrappy": "1"
      }
    },
    "node_modules/path-is-absolute": {
      "version": "1.0.1",
      "resolved": "https://registry.npmjs.org/path-is-absolute/-/path-is-absolute-1.0.1.tgz",
      "integrity": "sha512-AVbw3UJ2e9bq64vSaS9Am0fje1Pa8pbGqTTsmXfaIiMpnr5DlDhfJOuLj9Sf95ZPVDAUerDfEk88MPmPe7UCQg==",
      "optional": true,
      "engines": {
        "node": ">=0.10.0"
      }
    },
    "node_modules/phin": {
      "version": "3.7.0",
      "resolved": "https://registry.npmjs.org/phin/-/phin-3.7.0.tgz",
      "integrity": "sha512-DqnVNrpYhKGBZppNKprD+UJylMeEKOZxHgPB+ZP6mGzf3uA2uox4Ep9tUm+rUc8WLIdHT3HcAE4X8fhwQA9JKg==",
      "deprecated": "Package no longer supported. Contact Support at https://www.npmjs.com/support for more info.",
      "dependencies": {
        "centra": "^2.6.0"
      },
      "engines": {
        "node": ">= 8"
      }
    },
    "node_modules/picocolors": {
      "version": "1.0.0",
      "resolved": "https://registry.npmjs.org/picocolors/-/picocolors-1.0.0.tgz",
      "integrity": "sha512-1fygroTLlHu66zi26VoTDv8yRgm0Fccecssto+MhsZ0D/DGW2sm8E8AjW7NU5VVTRt5GxbeZ5qBuJr+HyLYkjQ=="
    },
    "node_modules/polka": {
      "version": "0.5.2",
      "resolved": "https://registry.npmjs.org/polka/-/polka-0.5.2.tgz",
      "integrity": "sha512-FVg3vDmCqP80tOrs+OeNlgXYmFppTXdjD5E7I4ET1NjvtNmQrb1/mJibybKkb/d4NA7YWAr1ojxuhpL3FHqdlw==",
      "dependencies": {
        "@polka/url": "^0.5.0",
        "trouter": "^2.0.1"
      }
    },
    "node_modules/postcss": {
      "version": "8.4.31",
      "resolved": "https://registry.npmjs.org/postcss/-/postcss-8.4.31.tgz",
      "integrity": "sha512-PS08Iboia9mts/2ygV3eLpY5ghnUcfLV/EXTOW1E2qYxJKGGBUtNjN76FYHnMs36RmARn41bC0AZmn+rR0OVpQ==",
      "funding": [
        {
          "type": "opencollective",
          "url": "https://opencollective.com/postcss/"
        },
        {
          "type": "tidelift",
          "url": "https://tidelift.com/funding/github/npm/postcss"
        },
        {
          "type": "github",
          "url": "https://github.com/sponsors/ai"
        }
      ],
      "dependencies": {
        "nanoid": "^3.3.6",
        "picocolors": "^1.0.0",
        "source-map-js": "^1.0.2"
      },
      "engines": {
        "node": "^10 || ^12 || >=14"
      }
    },
    "node_modules/react": {
      "version": "18.2.0",
      "resolved": "https://registry.npmjs.org/react/-/react-18.2.0.tgz",
      "integrity": "sha512-/3IjMdb2L9QbBdWiW5e3P2/npwMBaU9mHCSCUzNln0ZCYbcfTsGbTJrU/kGemdH2IWmB2ioZ+zkxtmq6g09fGQ==",
      "dependencies": {
        "loose-envify": "^1.1.0"
      },
      "engines": {
        "node": ">=0.10.0"
      }
    },
    "node_modules/react-dom": {
      "version": "18.2.0",
      "resolved": "https://registry.npmjs.org/react-dom/-/react-dom-18.2.0.tgz",
      "integrity": "sha512-6IMTriUmvsjHUjNtEDudZfuDQUoWXVxKHhlEGSk81n4YFS+r/Kl99wXiwlVXtPBtJenozv2P+hxDsw9eA7Xo6g==",
      "dependencies": {
        "loose-envify": "^1.1.0",
        "scheduler": "^0.23.0"
      },
      "peerDependencies": {
        "react": "^18.2.0"
      }
    },
    "node_modules/rimraf": {
      "version": "2.4.5",
      "resolved": "https://registry.npmjs.org/rimraf/-/rimraf-2.4.5.tgz",
      "integrity": "sha512-J5xnxTyqaiw06JjMftq7L9ouA448dw/E7dKghkP9WpKNuwmARNNg+Gk8/u5ryb9N/Yo2+z3MCwuqFK/+qPOPfQ==",
      "optional": true,
      "dependencies": {
        "glob": "^6.0.1"
      },
      "bin": {
        "rimraf": "bin.js"
      }
    },
    "node_modules/safe-json-stringify": {
      "version": "1.2.0",
      "resolved": "https://registry.npmjs.org/safe-json-stringify/-/safe-json-stringify-1.2.0.tgz",
      "integrity": "sha512-gH8eh2nZudPQO6TytOvbxnuhYBOvDBBLW52tz5q6X58lJcd/tkmqFR+5Z9adS8aJtURSXWThWy/xJtJwixErvg==",
      "optional": true
    },
    "node_modules/scheduler": {
      "version": "0.23.0",
      "resolved": "https://registry.npmjs.org/scheduler/-/scheduler-0.23.0.tgz",
      "integrity": "sha512-CtuThmgHNg7zIZWAXi3AsyIzA3n4xx7aNyjwC2VJldO2LMVDhFK+63xGqq6CsJH4rTAt6/M+N4GhZiDYPx9eUw==",
      "dependencies": {
        "loose-envify": "^1.1.0"
      }
    },
    "node_modules/serverless-http": {
      "version": "3.0.1",
      "resolved": "https://registry.npmjs.org/serverless-http/-/serverless-http-3.0.1.tgz",
      "integrity": "sha512-VEgmMYXvlZ5PLkBAj2IIAGIw25RBsDnLu2fansuaFCmw2fXGUP1VGROfTaEJrjHpZrmvlPu1JRFDNRV8UvDFyw==",
      "engines": {
        "node": ">=12.0"
      }
    },
    "node_modules/source-map-js": {
      "version": "1.0.2",
      "resolved": "https://registry.npmjs.org/source-map-js/-/source-map-js-1.0.2.tgz",
      "integrity": "sha512-R0XvVJ9WusLiqTCEiGCmICCMplcCkIwwR11mOSD9CR5u+IXYdiseeEuXCVAjS54zqwkLcPNnmU4OeJ6tUrWhDw==",
      "engines": {
        "node": ">=0.10.0"
      }
    },
    "node_modules/streamsearch": {
      "version": "1.1.0",
      "resolved": "https://registry.npmjs.org/streamsearch/-/streamsearch-1.1.0.tgz",
      "integrity": "sha512-Mcc5wHehp9aXz1ax6bZUyY5afg9u2rv5cqQI3mRrYkGC8rW2hM02jWuwjtL++LS5qinSyhj2QfLyNsuc+VsExg==",
      "engines": {
        "node": ">=10.0.0"
      }
    },
    "node_modules/styled-jsx": {
      "version": "5.1.2",
      "resolved": "https://registry.npmjs.org/styled-jsx/-/styled-jsx-5.1.2.tgz",
      "integrity": "sha512-FI5r0a5ED2/+DSdG2ZRz3a4FtNQnKPLadauU5v76a9QsscwZrWggQKOmyxGGP5EWKbyY3bsuWAJYzyKaDAVAcw==",
      "dependencies": {
        "client-only": "0.0.1"
      },
      "engines": {
        "node": ">= 12.0.0"
      },
      "peerDependencies": {
        "react": ">= 16.8.0 || 17.x.x || ^18.0.0-0"
      },
      "peerDependenciesMeta": {
        "@babel/core": {
          "optional": true
        },
        "babel-plugin-macros": {
          "optional": true
        }
      }
    },
    "node_modules/swr": {
      "version": "1.3.0",
      "resolved": "https://registry.npmjs.org/swr/-/swr-1.3.0.tgz",
      "integrity": "sha512-dkghQrOl2ORX9HYrMDtPa7LTVHJjCTeZoB1dqTbnnEDlSvN8JEKpYIYurDfvbQFUUS8Cg8PceFVZNkW0KNNYPw==",
      "peerDependencies": {
        "react": "^16.11.0 || ^17.0.0 || ^18.0.0"
      }
    },
    "node_modules/trouter": {
      "version": "2.0.1",
      "resolved": "https://registry.npmjs.org/trouter/-/trouter-2.0.1.tgz",
      "integrity": "sha512-kr8SKKw94OI+xTGOkfsvwZQ8mWoikZDd2n8XZHjJVZUARZT+4/VV6cacRS6CLsH9bNm+HFIPU1Zx4CnNnb4qlQ==",
      "dependencies": {
        "matchit": "^1.0.0"
      },
      "engines": {
        "node": ">=6"
      }
    },
    "node_modules/tslib": {
      "version": "2.6.2",
      "resolved": "https://registry.npmjs.org/tslib/-/tslib-2.6.2.tgz",
      "integrity": "sha512-AEYxH93jGFPn/a2iVAwW87VuUIkR1FVUKB77NwMF7nBTDkDrrT/Hpt/IrCJ0QXhW27jTBDcf5ZY7w6RiqTMw2Q=="
    },
    "node_modules/wrappy": {
      "version": "1.0.2",
      "resolved": "https://registry.npmjs.org/wrappy/-/wrappy-1.0.2.tgz",
      "integrity": "sha512-l4Sp/DRseor9wL6EvV2+TuQn63dMkPjZ/sp9XkghTEbV9KlPS1xUsZ3u7/IQO4wxtcFB4bgpQPRcR3QCvezPcQ==",
      "optional": true
    },
    "node_modules/xxhashjs": {
      "version": "0.2.2",
      "resolved": "https://registry.npmjs.org/xxhashjs/-/xxhashjs-0.2.2.tgz",
      "integrity": "sha512-AkTuIuVTET12tpsVIQo+ZU6f/qDmKuRUcjaqR+OIvm+aCBsZ95i7UVY5WJ9TMsSaZ0DA2WxoZ4acu0sPH+OKAw==",
      "dependencies": {
        "cuint": "^0.2.2"
      }
    }
  }
}
